
Microsoft Visual Studio Solution File, Format Version 12.00
# Visual Studio Version 17
VisualStudioVersion = 17.13.35931.197 d17.13
MinimumVisualStudioVersion = 10.0.40219.1
Project("{FAE04EC0-301F-11D3-BF4B-00C04F79EFBC}") = "SuperHeroAPI-DotNet8", "SuperHeroAPI-DotNet8\SuperHeroAPI-DotNet8.csproj", "{FA57998A-69F5-4AD3-969E-D81F73F3B85B}"
EndProject
Global
	GlobalSection(SolutionConfigurationPlatforms) = preSolution
		Debug|Any CPU = Debug|Any CPU
		Release|Any CPU = Release|Any CPU
	EndGlobalSection
	GlobalSection(ProjectConfigurationPlatforms) = postSolution
		{FA57998A-69F5-4AD3-969E-D81F73F3B85B}.Debug|Any CPU.ActiveCfg = Debug|Any CPU
		{FA57998A-69F5-4AD3-969E-D81F73F3B85B}.Debug|Any CPU.Build.0 = Debug|Any CPU
		{FA57998A-69F5-4AD3-969E-D81F73F3B85B}.Release|Any CPU.ActiveCfg = Release|Any CPU
		{FA57998A-69F5-4AD3-969E-D81F73F3B85B}.Release|Any CPU.Build.0 = Release|Any CPU
	EndGlobalSection
	GlobalSection(SolutionProperties) = preSolution
		HideSolutionNode = FALSE
	EndGlobalSection
	GlobalSection(ExtensibilityGlobals) = postSolution
		SolutionGuid = {3E6C0B10-5F5B-4F98-BB8B-4A4F549BDCFF}
	EndGlobalSection
EndGlobal
